// !$*UTF8*$!
{
	archiveVersion = 1;
	classes = {
	};
	objectVersion = 46;
	objects = {

/* Begin PBXBuildFile section */
		036803D81C96DF2F00CC95D7 /* main.swift in Sources */ = {isa = PBXBuildFile; fileRef = 036803D71C96DF2F00CC95D7 /* main.swift */; };
		036803E51C96DF5600CC95D7 /* BinUtilsTests.swift in Sources */ = {isa = PBXBuildFile; fileRef = 036803E41C96DF5600CC95D7 /* BinUtilsTests.swift */; };
		036803EB1C96DFE200CC95D7 /* BinUtils.swift in Sources */ = {isa = PBXBuildFile; fileRef = 036803EA1C96DFE200CC95D7 /* BinUtils.swift */; };
		036803EC1C96DFE200CC95D7 /* BinUtils.swift in Sources */ = {isa = PBXBuildFile; fileRef = 036803EA1C96DFE200CC95D7 /* BinUtils.swift */; };
/* End PBXBuildFile section */

/* Begin PBXCopyFilesBuildPhase section */
		036803D21C96DF2F00CC95D7 /* CopyFiles */ = {
			isa = PBXCopyFilesBuildPhase;
			buildActionMask = 2147483647;
			dstPath = /usr/share/man/man1/;
			dstSubfolderSpec = 0;
			files = (
			);
			runOnlyForDeploymentPostprocessing = 1;
		};
/* End PBXCopyFilesBuildPhase section */

/* Begin PBXFileReference section */
		036803D41C96DF2F00CC95D7 /* BinUtils */ = {isa = PBXFileReference; explicitFileType = "compiled.mach-o.executable"; includeInIndex = 0; path = BinUtils; sourceTree = BUILT_PRODUCTS_DIR; };
		036803D71C96DF2F00CC95D7 /* main.swift */ = {isa = PBXFileReference; lastKnownFileType = sourcecode.swift; path = main.swift; sourceTree = "<group>"; };
		036803E21C96DF5600CC95D7 /* BinUtilsTests.xctest */ = {isa = PBXFileReference; explicitFileType = wrapper.cfbundle; includeInIndex = 0; path = BinUtilsTests.xctest; sourceTree = BUILT_PRODUCTS_DIR; };
		036803E41C96DF5600CC95D7 /* BinUtilsTests.swift */ = {isa = PBXFileReference; lastKnownFileType = sourcecode.swift; path = BinUtilsTests.swift; sourceTree = "<group>"; };
		036803E61C96DF5600CC95D7 /* Info.plist */ = {isa = PBXFileReference; lastKnownFileType = text.plist.xml; path = Info.plist; sourceTree = "<group>"; };
		036803EA1C96DFE200CC95D7 /* BinUtils.swift */ = {isa = PBXFileReference; fileEncoding = 4; lastKnownFileType = sourcecode.swift; path = BinUtils.swift; sourceTree = SOURCE_ROOT; };
/* End PBXFileReference section */

/* Begin PBXFrameworksBuildPhase section */
		036803D11C96DF2F00CC95D7 /* Frameworks */ = {
			isa = PBXFrameworksBuildPhase;
			buildActionMask = 2147483647;
			files = (
			);
			runOnlyForDeploymentPostprocessing = 0;
		};
		036803DF1C96DF5600CC95D7 /* Frameworks */ = {
			isa = PBXFrameworksBuildPhase;
			buildActionMask = 2147483647;
			files = (
			);
			runOnlyForDeploymentPostprocessing = 0;
		};
/* End PBXFrameworksBuildPhase section */

/* Begin PBXGroup section */
		036803CB1C96DF2F00CC95D7 = {
			isa = PBXGroup;
			children = (
				036803D61C96DF2F00CC95D7 /* BinUtils */,
				036803E31C96DF5600CC95D7 /* BinUtilsTests */,
				036803D51C96DF2F00CC95D7 /* Products */,
			);
			sourceTree = "<group>";
		};
		036803D51C96DF2F00CC95D7 /* Products */ = {
			isa = PBXGroup;
			children = (
				036803D41C96DF2F00CC95D7 /* BinUtils */,
				036803E21C96DF5600CC95D7 /* BinUtilsTests.xctest */,
			);
			name = Products;
			sourceTree = "<group>";
		};
		036803D61C96DF2F00CC95D7 /* BinUtils */ = {
			isa = PBXGroup;
			children = (
				036803EA1C96DFE200CC95D7 /* BinUtils.swift */,
				036803D71C96DF2F00CC95D7 /* main.swift */,
			);
			path = BinUtils;
			sourceTree = "<group>";
		};
		036803E31C96DF5600CC95D7 /* BinUtilsTests */ = {
			isa = PBXGroup;
			children = (
				036803E41C96DF5600CC95D7 /* BinUtilsTests.swift */,
				036803E61C96DF5600CC95D7 /* Info.plist */,
			);
			path = BinUtilsTests;
			sourceTree = "<group>";
		};
/* End PBXGroup section */

/* Begin PBXNativeTarget section */
		036803D31C96DF2F00CC95D7 /* BinUtils */ = {
			isa = PBXNativeTarget;
			buildConfigurationList = 036803DB1C96DF2F00CC95D7 /* Build configuration list for PBXNativeTarget "BinUtils" */;
			buildPhases = (
				036803D01C96DF2F00CC95D7 /* Sources */,
				036803D11C96DF2F00CC95D7 /* Frameworks */,
				036803D21C96DF2F00CC95D7 /* CopyFiles */,
			);
			buildRules = (
			);
			dependencies = (
			);
			name = BinUtils;
			productName = BinUtils;
			productReference = 036803D41C96DF2F00CC95D7 /* BinUtils */;
			productType = "com.apple.product-type.tool";
		};
		036803E11C96DF5600CC95D7 /* BinUtilsTests */ = {
			isa = PBXNativeTarget;
			buildConfigurationList = 036803E71C96DF5600CC95D7 /* Build configuration list for PBXNativeTarget "BinUtilsTests" */;
			buildPhases = (
				036803DE1C96DF5600CC95D7 /* Sources */,
				036803DF1C96DF5600CC95D7 /* Frameworks */,
				036803E01C96DF5600CC95D7 /* Resources */,
			);
			buildRules = (
			);
			dependencies = (
			);
			name = BinUtilsTests;
			productName = BinUtilsTests;
			productReference = 036803E21C96DF5600CC95D7 /* BinUtilsTests.xctest */;
			productType = "com.apple.product-type.bundle.unit-test";
		};
/* End PBXNativeTarget section */

/* Begin PBXProject section */
		036803CC1C96DF2F00CC95D7 /* Project object */ = {
			isa = PBXProject;
			attributes = {
				LastSwiftUpdateCheck = 0720;
				LastUpgradeCheck = 0720;
				ORGANIZATIONNAME = "Nicolas Seriot";
				TargetAttributes = {
					036803D31C96DF2F00CC95D7 = {
						CreatedOnToolsVersion = 7.2.1;
					};
					036803E11C96DF5600CC95D7 = {
						CreatedOnToolsVersion = 7.2.1;
					};
				};
			};
			buildConfigurationList = 036803CF1C96DF2F00CC95D7 /* Build configuration list for PBXProject "BinUtils" */;
			compatibilityVersion = "Xcode 3.2";
			developmentRegion = English;
			hasScannedForEncodings = 0;
			knownRegions = (
				en,
			);
			mainGroup = 036803CB1C96DF2F00CC95D7;
			productRefGroup = 036803D51C96DF2F00CC95D7 /* Products */;
			projectDirPath = "";
			projectRoot = "";
			targets = (
				036803D31C96DF2F00CC95D7 /* BinUtils */,
				036803E11C96DF5600CC95D7 /* BinUtilsTests */,
			);
		};
/* End PBXProject section */

/* Begin PBXResourcesBuildPhase section */
		036803E01C96DF5600CC95D7 /* Resources */ = {
			isa = PBXResourcesBuildPhase;
			buildActionMask = 2147483647;
			files = (
			);
			runOnlyForDeploymentPostprocessing = 0;
		};
/* End PBXResourcesBuildPhase section */

/* Begin PBXSourcesBuildPhase section */
		036803D01C96DF2F00CC95D7 /* Sources */ = {
			isa = PBXSourcesBuildPhase;
			buildActionMask = 2147483647;
			files = (
				036803D81C96DF2F00CC95D7 /* main.swift in Sources */,
				036803EB1C96DFE200CC95D7 /* BinUtils.swift in Sources */,
			);
			runOnlyForDeploymentPostprocessing = 0;
		};
		036803DE1C96DF5600CC95D7 /* Sources */ = {
			isa = PBXSourcesBuildPhase;
			buildActionMask = 2147483647;
			files = (
				036803E51C96DF5600CC95D7 /* BinUtilsTests.swift in Sources */,
				036803EC1C96DFE200CC95D7 /* BinUtils.swift in Sources */,
			);
			runOnlyForDeploymentPostprocessing = 0;
		};
/* End PBXSourcesBuildPhase section */

/* Begin XCBuildConfiguration section */
		036803D91C96DF2F00CC95D7 /* Debug */ = {
			isa = XCBuildConfiguration;
			buildSettings = {
				ALWAYS_SEARCH_USER_PATHS = NO;
				CLANG_CXX_LANGUAGE_STANDARD = "gnu++0x";
				CLANG_CXX_LIBRARY = "libc++";
				CLANG_ENABLE_MODULES = YES;
				CLANG_ENABLE_OBJC_ARC = YES;
				CLANG_WARN_BOOL_CONVERSION = YES;
				CLANG_WARN_CONSTANT_CONVERSION = YES;
				CLANG_WARN_DIRECT_OBJC_ISA_USAGE = YES_ERROR;
				CLANG_WARN_EMPTY_BODY = YES;
				CLANG_WARN_ENUM_CONVERSION = YES;
				CLANG_WARN_INT_CONVERSION = YES;
				CLANG_WARN_OBJC_ROOT_CLASS = YES_ERROR;
				CLANG_WARN_UNREACHABLE_CODE = YES;
				CLANG_WARN__DUPLICATE_METHOD_MATCH = YES;
				CODE_SIGN_IDENTITY = "-";
				COPY_PHASE_STRIP = NO;
				DEBUG_INFORMATION_FORMAT = dwarf;
				ENABLE_STRICT_OBJC_MSGSEND = YES;
				ENABLE_TESTABILITY = YES;
				GCC_C_LANGUAGE_STANDARD = gnu99;
				GCC_DYNAMIC_NO_PIC = NO;
				GCC_NO_COMMON_BLOCKS = YES;
				GCC_OPTIMIZATION_LEVEL = 0;
				GCC_PREPROCESSOR_DEFINITIONS = (
					"DEBUG=1",
					"$(inherited)",
				);
				GCC_WARN_64_TO_32_BIT_CONVERSION = YES;
				GCC_WARN_ABOUT_RETURN_TYPE = YES_ERROR;
				GCC_WARN_UNDECLARED_SELECTOR = YES;
				GCC_WARN_UNINITIALIZED_AUTOS = YES_AGGRESSIVE;
				GCC_WARN_UNUSED_FUNCTION = YES;
				GCC_WARN_UNUSED_VARIABLE = YES;
				MACOSX_DEPLOYMENT_TARGET = 10.11;
				MTL_ENABLE_DEBUG_INFO = YES;
				ONLY_ACTIVE_ARCH = YES;
				SDKROOT = macosx;
				SWIFT_OPTIMIZATION_LEVEL = "-Onone";
			};
			name = Debug;
		};
		036803DA1C96DF2F00CC95D7 /* Release */ = {
			isa = XCBuildConfiguration;
			buildSettings = {
				ALWAYS_SEARCH_USER_PATHS = NO;
				CLANG_CXX_LANGUAGE_STANDARD = "gnu++0x";
				CLANG_CXX_LIBRARY = "libc++";
				CLANG_ENABLE_MODULES = YES;
				CLANG_ENABLE_OBJC_ARC = YES;
				CLANG_WARN_BOOL_CONVERSION = YES;
				CLANG_WARN_CONSTANT_CONVERSION = YES;
				CLANG_WARN_DIRECT_OBJC_ISA_USAGE = YES_ERROR;
				CLANG_WARN_EMPTY_BODY = YES;
				CLANG_WARN_ENUM_CONVERSION = YES;
				CLANG_WARN_INT_CONVERSION = YES;
				CLANG_WARN_OBJC_ROOT_CLASS = YES_ERROR;
				CLANG_WARN_UNREACHABLE_CODE = YES;
				CLANG_WARN__DUPLICATE_METHOD_MATCH = YES;
				CODE_SIGN_IDENTITY = "-";
				COPY_PHASE_STRIP = NO;
				DEBUG_INFORMATION_FORMAT = "dwarf-with-dsym";
				ENABLE_NS_ASSERTIONS = NO;
				ENABLE_STRICT_OBJC_MSGSEND = YES;
				GCC_C_LANGUAGE_STANDARD = gnu99;
				GCC_NO_COMMON_BLOCKS = YES;
				GCC_WARN_64_TO_32_BIT_CONVERSION = YES;
				GCC_WARN_ABOUT_RETURN_TYPE = YES_ERROR;
				GCC_WARN_UNDECLARED_SELECTOR = YES;
				GCC_WARN_UNINITIALIZED_AUTOS = YES_AGGRESSIVE;
				GCC_WARN_UNUSED_FUNCTION = YES;
				GCC_WARN_UNUSED_VARIABLE = YES;
				MACOSX_DEPLOYMENT_TARGET = 10.11;
				MTL_ENABLE_DEBUG_INFO = NO;
				SDKROOT = macosx;
			};
			name = Release;
		};
		036803DC1C96DF2F00CC95D7 /* Debug */ = {
			isa = XCBuildConfiguration;
			buildSettings = {
				PRODUCT_NAME = "$(TARGET_NAME)";
			};
			name = Debug;
		};
		036803DD1C96DF2F00CC95D7 /* Release */ = {
			isa = XCBuildConfiguration;
			buildSettings = {
				PRODUCT_NAME = "$(TARGET_NAME)";
			};
			name = Release;
		};
		036803E81C96DF5600CC95D7 /* Debug */ = {
			isa = XCBuildConfiguration;
			buildSettings = {
				COMBINE_HIDPI_IMAGES = YES;
				INFOPLIST_FILE = BinUtilsTests/Info.plist;
				LD_RUNPATH_SEARCH_PATHS = "$(inherited) @executable_path/../Frameworks @loader_path/../Frameworks";
				PRODUCT_BUNDLE_IDENTIFIER = ch.seriot.BinUtilsTests;
				PRODUCT_NAME = "$(TARGET_NAME)";
			};
			name = Debug;
		};
		036803E91C96DF5600CC95D7 /* Release */ = {
			isa = XCBuildConfiguration;
			buildSettings = {
				COMBINE_HIDPI_IMAGES = YES;
				INFOPLIST_FILE = BinUtilsTests/Info.plist;
				LD_RUNPATH_SEARCH_PATHS = "$(inherited) @executable_path/../Frameworks @loader_path/../Frameworks";
				PRODUCT_BUNDLE_IDENTIFIER = ch.seriot.BinUtilsTests;
				PRODUCT_NAME = "$(TARGET_NAME)";
			};
			name = Release;
		};
/* End XCBuildConfiguration section */

/* Begin XCConfigurationList section */
		036803CF1C96DF2F00CC95D7 /* Build configuration list for PBXProject "BinUtils" */ = {
			isa = XCConfigurationList;
			buildConfigurations = (
				036803D91C96DF2F00CC95D7 /* Debug */,
				036803DA1C96DF2F00CC95D7 /* Release */,
			);
			defaultConfigurationIsVisible = 0;
			defaultConfigurationName = Release;
		};
		036803DB1C96DF2F00CC95D7 /* Build configuration list for PBXNativeTarget "BinUtils" */ = {
			isa = XCConfigurationList;
			buildConfigurations = (
				036803DC1C96DF2F00CC95D7 /* Debug */,
				036803DD1C96DF2F00CC95D7 /* Release */,
			);
			defaultConfigurationIsVisible = 0;
		};
		036803E71C96DF5600CC95D7 /* Build configuration list for PBXNativeTarget "BinUtilsTests" */ = {
			isa = XCConfigurationList;
			buildConfigurations = (
				036803E81C96DF5600CC95D7 /* Debug */,
				036803E91C96DF5600CC95D7 /* Release */,
			);
			defaultConfigurationIsVisible = 0;
		};
/* End XCConfigurationList section */
	};
	rootObject = 036803CC1C96DF2F00CC95D7 /* Project object */;
}
